
Microsoft Visual Studio Solution File, Format Version 12.00
# Visual Studio Version 16
VisualStudioVersion = 16.0.29728.190
MinimumVisualStudioVersion = 10.0.40219.1
Project("{FAE04EC0-301F-11D3-BF4B-00C04F79EFBC}") = "DirectDeviceLister", "DirectDeviceLister\DirectDeviceLister.csproj", "{A191BF63-4889-4635-85BB-BA4A041F51D7}"
EndProject
Global
	GlobalSection(SolutionConfigurationPlatforms) = preSolution
		Debug|Any CPU = Debug|Any CPU
		Release|Any CPU = Release|Any CPU
	EndGlobalSection
	GlobalSection(ProjectConfigurationPlatforms) = postSolution
		{A191BF63-4889-4635-85BB-BA4A041F51D7}.Debug|Any CPU.ActiveCfg = Debug|Any CPU
		{A191BF63-4889-4635-85BB-BA4A041F51D7}.Debug|Any CPU.Build.0 = Debug|Any CPU
		{A191BF63-4889-4635-85BB-BA4A041F51D7}.Release|Any CPU.ActiveCfg = Release|Any CPU
		{A191BF63-4889-4635-85BB-BA4A041F51D7}.Release|Any CPU.Build.0 = Release|Any CPU
	EndGlobalSection
	GlobalSection(SolutionProperties) = preSolution
		HideSolutionNode = FALSE
	EndGlobalSection
	GlobalSection(ExtensibilityGlobals) = postSolution
		SolutionGuid = {053CE774-0F8E-49E8-BBED-1751F4F66715}
	EndGlobalSection
EndGlobal
